
Microsoft Visual Studio Solution File, Format Version 12.00
# Visual Studio Version 16
VisualStudioVersion = 16.0.30128.74
MinimumVisualStudioVersion = 10.0.40219.1
Project("{FAE04EC0-301F-11D3-BF4B-00C04F79EFBC}") = "Imenik", "Imenik\Imenik.csproj", "{956DE9DA-C213-4C45-97C5-33739374DF8B}"
EndProject
Global
	GlobalSection(SolutionConfigurationPlatforms) = preSolution
		Debug|Any CPU = Debug|Any CPU
		Release|Any CPU = Release|Any CPU
	EndGlobalSection
	GlobalSection(ProjectConfigurationPlatforms) = postSolution
		{956DE9DA-C213-4C45-97C5-33739374DF8B}.Debug|Any CPU.ActiveCfg = Debug|Any CPU
		{956DE9DA-C213-4C45-97C5-33739374DF8B}.Debug|Any CPU.Build.0 = Debug|Any CPU
		{956DE9DA-C213-4C45-97C5-33739374DF8B}.Release|Any CPU.ActiveCfg = Release|Any CPU
		{956DE9DA-C213-4C45-97C5-33739374DF8B}.Release|Any CPU.Build.0 = Release|Any CPU
	EndGlobalSection
	GlobalSection(SolutionProperties) = preSolution
		HideSolutionNode = FALSE
	EndGlobalSection
	GlobalSection(ExtensibilityGlobals) = postSolution
		SolutionGuid = {BE6F9762-5AC8-4984-BC57-BDEEE49F1C56}
	EndGlobalSection
EndGlobal
